
Microsoft Visual Studio Solution File, Format Version 12.00
# Visual Studio 15
VisualStudioVersion = 15.0.28307.168
MinimumVisualStudioVersion = 10.0.40219.1
Project("{FAE04EC0-301F-11D3-BF4B-00C04F79EFBC}") = "Razor", "Razor\Razor.csproj", "{48AB1B7F-7C53-479F-A661-06EF24FEA412}"
EndProject
Global
	GlobalSection(SolutionConfigurationPlatforms) = preSolution
		Debug|Any CPU = Debug|Any CPU
		Release|Any CPU = Release|Any CPU
	EndGlobalSection
	GlobalSection(ProjectConfigurationPlatforms) = postSolution
		{48AB1B7F-7C53-479F-A661-06EF24FEA412}.Debug|Any CPU.ActiveCfg = Debug|Any CPU
		{48AB1B7F-7C53-479F-A661-06EF24FEA412}.Debug|Any CPU.Build.0 = Debug|Any CPU
		{48AB1B7F-7C53-479F-A661-06EF24FEA412}.Release|Any CPU.ActiveCfg = Release|Any CPU
		{48AB1B7F-7C53-479F-A661-06EF24FEA412}.Release|Any CPU.Build.0 = Release|Any CPU
	EndGlobalSection
	GlobalSection(SolutionProperties) = preSolution
		HideSolutionNode = FALSE
	EndGlobalSection
	GlobalSection(ExtensibilityGlobals) = postSolution
		SolutionGuid = {606FF672-3A53-4561-B06E-2DFE16DE741D}
	EndGlobalSection
EndGlobal
